// !$*UTF8*$!
{
	archiveVersion = 1;
	classes = {
	};
	objectVersion = 52;
	objects = {

/* Begin PBXBuildFile section */
		790F846625AD51B400424B92 /* DIHomeworkApp.swift in Sources */ = {isa = PBXBuildFile; fileRef = 790F845325AD51B400424B92 /* DIHomeworkApp.swift */; };
		790F846725AD51B400424B92 /* DIHomeworkApp.swift in Sources */ = {isa = PBXBuildFile; fileRef = 790F845325AD51B400424B92 /* DIHomeworkApp.swift */; };
		790F846825AD51B400424B92 /* ContentView.swift in Sources */ = {isa = PBXBuildFile; fileRef = 790F845425AD51B400424B92 /* ContentView.swift */; };
		790F846925AD51B400424B92 /* ContentView.swift in Sources */ = {isa = PBXBuildFile; fileRef = 790F845425AD51B400424B92 /* ContentView.swift */; };
		790F846A25AD51B400424B92 /* Assets.xcassets in Resources */ = {isa = PBXBuildFile; fileRef = 790F845525AD51B400424B92 /* Assets.xcassets */; };
		790F846B25AD51B400424B92 /* Assets.xcassets in Resources */ = {isa = PBXBuildFile; fileRef = 790F845525AD51B400424B92 /* Assets.xcassets */; };
		790F848325AD52FA00424B92 /* Enums.swift in Sources */ = {isa = PBXBuildFile; fileRef = 790F848125AD52FA00424B92 /* Enums.swift */; };
		790F848425AD52FA00424B92 /* Enums.swift in Sources */ = {isa = PBXBuildFile; fileRef = 790F848125AD52FA00424B92 /* Enums.swift */; };
		790F848525AD52FA00424B92 /* NavStack.swift in Sources */ = {isa = PBXBuildFile; fileRef = 790F848225AD52FA00424B92 /* NavStack.swift */; };
		790F848625AD52FA00424B92 /* NavStack.swift in Sources */ = {isa = PBXBuildFile; fileRef = 790F848225AD52FA00424B92 /* NavStack.swift */; };
		790F848B25AD572E00424B92 /* EpisodesView.swift in Sources */ = {isa = PBXBuildFile; fileRef = 790F848A25AD572E00424B92 /* EpisodesView.swift */; };
		790F848C25AD572E00424B92 /* EpisodesView.swift in Sources */ = {isa = PBXBuildFile; fileRef = 790F848A25AD572E00424B92 /* EpisodesView.swift */; };
		790F84C525AD9E1700424B92 /* CharacterView.swift in Sources */ = {isa = PBXBuildFile; fileRef = 790F84C425AD9E1700424B92 /* CharacterView.swift */; };
		790F84C625AD9E1700424B92 /* CharacterView.swift in Sources */ = {isa = PBXBuildFile; fileRef = 790F84C425AD9E1700424B92 /* CharacterView.swift */; };
		790F84CA25AD9E3300424B92 /* BBCharacterViewModel.swift in Sources */ = {isa = PBXBuildFile; fileRef = 790F84C925AD9E3300424B92 /* BBCharacterViewModel.swift */; };
		790F84CB25AD9E3300424B92 /* BBCharacterViewModel.swift in Sources */ = {isa = PBXBuildFile; fileRef = 790F84C925AD9E3300424B92 /* BBCharacterViewModel.swift */; };
		CF656AD125ADF384007C99F4 /* EpisodeCell.swift in Sources */ = {isa = PBXBuildFile; fileRef = CF656AD025ADF384007C99F4 /* EpisodeCell.swift */; };
		CF656ADF25ADFA66007C99F4 /* BBEpisodesViewModel.swift in Sources */ = {isa = PBXBuildFile; fileRef = CF656ADE25ADFA66007C99F4 /* BBEpisodesViewModel.swift */; };
		CF656AE025ADFA66007C99F4 /* BBEpisodesViewModel.swift in Sources */ = {isa = PBXBuildFile; fileRef = CF656ADE25ADFA66007C99F4 /* BBEpisodesViewModel.swift */; };
		CFD340EA25AE1622000FA619 /* DataLayer in Frameworks */ = {isa = PBXBuildFile; productRef = CFD340E925AE1622000FA619 /* DataLayer */; };
		CFD340EC25AE162C000FA619 /* DataLayer in Frameworks */ = {isa = PBXBuildFile; productRef = CFD340EB25AE162C000FA619 /* DataLayer */; };
		CFD340F725AE17D5000FA619 /* CoreLayerService in Frameworks */ = {isa = PBXBuildFile; productRef = CFD340F625AE17D5000FA619 /* CoreLayerService */; };
		CFD340F925AE17E1000FA619 /* CoreLayerService in Frameworks */ = {isa = PBXBuildFile; productRef = CFD340F825AE17E1000FA619 /* CoreLayerService */; };
		CFD3410025AE1CC6000FA619 /* ServiceProvider.swift in Sources */ = {isa = PBXBuildFile; fileRef = CFD340FF25AE1CC6000FA619 /* ServiceProvider.swift */; };
		CFD3410625AE1D95000FA619 /* DependancyLocator.swift in Sources */ = {isa = PBXBuildFile; fileRef = CFD3410525AE1D95000FA619 /* DependancyLocator.swift */; };
		CFE0A21425AE848B00F4932A /* SDWebImageSwiftUI in Frameworks */ = {isa = PBXBuildFile; productRef = CFE0A21325AE848B00F4932A /* SDWebImageSwiftUI */; };
		CFE0A21C25AE85D600F4932A /* SDWebImageSwiftUI in Frameworks */ = {isa = PBXBuildFile; productRef = CFE0A21B25AE85D600F4932A /* SDWebImageSwiftUI */; };
		CFE0A21F25AE862200F4932A /* ServiceProvider.swift in Sources */ = {isa = PBXBuildFile; fileRef = CFD340FF25AE1CC6000FA619 /* ServiceProvider.swift */; };
		CFE0A22225AE862400F4932A /* DependancyLocator.swift in Sources */ = {isa = PBXBuildFile; fileRef = CFD3410525AE1D95000FA619 /* DependancyLocator.swift */; };
		CFE0A22525AE863600F4932A /* EpisodeCell.swift in Sources */ = {isa = PBXBuildFile; fileRef = CF656AD025ADF384007C99F4 /* EpisodeCell.swift */; };
/* End PBXBuildFile section */

/* Begin PBXFileReference section */
		790F845325AD51B400424B92 /* DIHomeworkApp.swift */ = {isa = PBXFileReference; lastKnownFileType = sourcecode.swift; path = DIHomeworkApp.swift; sourceTree = "<group>"; };
		790F845425AD51B400424B92 /* ContentView.swift */ = {isa = PBXFileReference; lastKnownFileType = sourcecode.swift; path = ContentView.swift; sourceTree = "<group>"; };
		790F845525AD51B400424B92 /* Assets.xcassets */ = {isa = PBXFileReference; lastKnownFileType = folder.assetcatalog; path = Assets.xcassets; sourceTree = "<group>"; };
		790F845A25AD51B400424B92 /* DIHomework.app */ = {isa = PBXFileReference; explicitFileType = wrapper.application; includeInIndex = 0; path = DIHomework.app; sourceTree = BUILT_PRODUCTS_DIR; };
		790F845D25AD51B400424B92 /* Info.plist */ = {isa = PBXFileReference; lastKnownFileType = text.plist.xml; path = Info.plist; sourceTree = "<group>"; };
		790F846225AD51B400424B92 /* DIHomework.app */ = {isa = PBXFileReference; explicitFileType = wrapper.application; includeInIndex = 0; path = DIHomework.app; sourceTree = BUILT_PRODUCTS_DIR; };
		790F846425AD51B400424B92 /* Info.plist */ = {isa = PBXFileReference; lastKnownFileType = text.plist.xml; path = Info.plist; sourceTree = "<group>"; };
		790F846525AD51B400424B92 /* macOS.entitlements */ = {isa = PBXFileReference; lastKnownFileType = text.plist.entitlements; path = macOS.entitlements; sourceTree = "<group>"; };
		790F848125AD52FA00424B92 /* Enums.swift */ = {isa = PBXFileReference; fileEncoding = 4; lastKnownFileType = sourcecode.swift; path = Enums.swift; sourceTree = "<group>"; };
		790F848225AD52FA00424B92 /* NavStack.swift */ = {isa = PBXFileReference; fileEncoding = 4; lastKnownFileType = sourcecode.swift; path = NavStack.swift; sourceTree = "<group>"; };
		790F848A25AD572E00424B92 /* EpisodesView.swift */ = {isa = PBXFileReference; lastKnownFileType = sourcecode.swift; path = EpisodesView.swift; sourceTree = "<group>"; };
		790F84C425AD9E1700424B92 /* CharacterView.swift */ = {isa = PBXFileReference; lastKnownFileType = sourcecode.swift; path = CharacterView.swift; sourceTree = "<group>"; };
		790F84C925AD9E3300424B92 /* BBCharacterViewModel.swift */ = {isa = PBXFileReference; lastKnownFileType = sourcecode.swift; path = BBCharacterViewModel.swift; sourceTree = "<group>"; };
		CF656AD025ADF384007C99F4 /* EpisodeCell.swift */ = {isa = PBXFileReference; lastKnownFileType = sourcecode.swift; path = EpisodeCell.swift; sourceTree = "<group>"; };
		CF656ADE25ADFA66007C99F4 /* BBEpisodesViewModel.swift */ = {isa = PBXFileReference; fileEncoding = 4; lastKnownFileType = sourcecode.swift; path = BBEpisodesViewModel.swift; sourceTree = "<group>"; };
		CF656B0725AE0748007C99F4 /* DIHomework.entitlements */ = {isa = PBXFileReference; lastKnownFileType = text.plist.entitlements; path = DIHomework.entitlements; sourceTree = "<group>"; };
		CFD340E425AE15CE000FA619 /* DataLayer */ = {isa = PBXFileReference; lastKnownFileType = folder; path = DataLayer; sourceTree = "<group>"; };
		CFD340F125AE1737000FA619 /* CoreLayerService */ = {isa = PBXFileReference; lastKnownFileType = folder; path = CoreLayerService; sourceTree = "<group>"; };
		CFD340FF25AE1CC6000FA619 /* ServiceProvider.swift */ = {isa = PBXFileReference; lastKnownFileType = sourcecode.swift; path = ServiceProvider.swift; sourceTree = "<group>"; };
		CFD3410525AE1D95000FA619 /* DependancyLocator.swift */ = {isa = PBXFileReference; lastKnownFileType = sourcecode.swift; path = DependancyLocator.swift; sourceTree = "<group>"; };
/* End PBXFileReference section */

/* Begin PBXFrameworksBuildPhase section */
		790F845725AD51B400424B92 /* Frameworks */ = {
			isa = PBXFrameworksBuildPhase;
			buildActionMask = 2147483647;
			files = (
				CFE0A21425AE848B00F4932A /* SDWebImageSwiftUI in Frameworks */,
				CFD340EA25AE1622000FA619 /* DataLayer in Frameworks */,
				CFD340F925AE17E1000FA619 /* CoreLayerService in Frameworks */,
			);
			runOnlyForDeploymentPostprocessing = 0;
		};
		790F845F25AD51B400424B92 /* Frameworks */ = {
			isa = PBXFrameworksBuildPhase;
			buildActionMask = 2147483647;
			files = (
				CFE0A21C25AE85D600F4932A /* SDWebImageSwiftUI in Frameworks */,
				CFD340EC25AE162C000FA619 /* DataLayer in Frameworks */,
				CFD340F725AE17D5000FA619 /* CoreLayerService in Frameworks */,
			);
			runOnlyForDeploymentPostprocessing = 0;
		};
/* End PBXFrameworksBuildPhase section */

/* Begin PBXGroup section */
		790F844D25AD51B400424B92 = {
			isa = PBXGroup;
			children = (
				CF656B0725AE0748007C99F4 /* DIHomework.entitlements */,
				790F845225AD51B400424B92 /* Shared */,
				790F845C25AD51B400424B92 /* iOS */,
				790F846325AD51B400424B92 /* macOS */,
				790F845B25AD51B400424B92 /* Products */,
				790F84B825AD9D5D00424B92 /* Frameworks */,
			);
			sourceTree = "<group>";
		};
		790F845225AD51B400424B92 /* Shared */ = {
			isa = PBXGroup;
			children = (
				CFD340FE25AE1BFA000FA619 /* DI */,
				790F84B225AD8E9500424B92 /* Packages */,
				790F84AA25AD71BB00424B92 /* ViewModel */,
				790F848925AD571100424B92 /* UI */,
				790F847925AD528800424B92 /* Navigation */,
				790F845325AD51B400424B92 /* DIHomeworkApp.swift */,
				790F845425AD51B400424B92 /* ContentView.swift */,
				790F845525AD51B400424B92 /* Assets.xcassets */,
			);
			path = Shared;
			sourceTree = "<group>";
		};
		790F845B25AD51B400424B92 /* Products */ = {
			isa = PBXGroup;
			children = (
				790F845A25AD51B400424B92 /* DIHomework.app */,
				790F846225AD51B400424B92 /* DIHomework.app */,
			);
			name = Products;
			sourceTree = "<group>";
		};
		790F845C25AD51B400424B92 /* iOS */ = {
			isa = PBXGroup;
			children = (
				790F845D25AD51B400424B92 /* Info.plist */,
			);
			path = iOS;
			sourceTree = "<group>";
		};
		790F846325AD51B400424B92 /* macOS */ = {
			isa = PBXGroup;
			children = (
				790F846425AD51B400424B92 /* Info.plist */,
				790F846525AD51B400424B92 /* macOS.entitlements */,
			);
			path = macOS;
			sourceTree = "<group>";
		};
		790F847925AD528800424B92 /* Navigation */ = {
			isa = PBXGroup;
			children = (
				790F848125AD52FA00424B92 /* Enums.swift */,
				790F848225AD52FA00424B92 /* NavStack.swift */,
			);
			path = Navigation;
			sourceTree = "<group>";
		};
		790F848925AD571100424B92 /* UI */ = {
			isa = PBXGroup;
			children = (
				CF656ACF25ADF368007C99F4 /* Cells */,
				790F848A25AD572E00424B92 /* EpisodesView.swift */,
				790F84C425AD9E1700424B92 /* CharacterView.swift */,
			);
			path = UI;
			sourceTree = "<group>";
		};
		790F84AA25AD71BB00424B92 /* ViewModel */ = {
			isa = PBXGroup;
			children = (
				CF656ADE25ADFA66007C99F4 /* BBEpisodesViewModel.swift */,
				790F84C925AD9E3300424B92 /* BBCharacterViewModel.swift */,
			);
			path = ViewModel;
			sourceTree = "<group>";
		};
		790F84B225AD8E9500424B92 /* Packages */ = {
			isa = PBXGroup;
			children = (
				CFD340F125AE1737000FA619 /* CoreLayerService */,
				CFD340E425AE15CE000FA619 /* DataLayer */,
			);
			path = Packages;
			sourceTree = "<group>";
		};
		790F84B825AD9D5D00424B92 /* Frameworks */ = {
			isa = PBXGroup;
			children = (
			);
			name = Frameworks;
			sourceTree = "<group>";
		};
		CF656ACF25ADF368007C99F4 /* Cells */ = {
			isa = PBXGroup;
			children = (
				CF656AD025ADF384007C99F4 /* EpisodeCell.swift */,
			);
			path = Cells;
			sourceTree = "<group>";
		};
		CFD340FE25AE1BFA000FA619 /* DI */ = {
			isa = PBXGroup;
			children = (
				CFD340FF25AE1CC6000FA619 /* ServiceProvider.swift */,
				CFD3410525AE1D95000FA619 /* DependancyLocator.swift */,
			);
			path = DI;
			sourceTree = "<group>";
		};
/* End PBXGroup section */

/* Begin PBXNativeTarget section */
		790F845925AD51B400424B92 /* DIHomework (iOS) */ = {
			isa = PBXNativeTarget;
			buildConfigurationList = 790F846E25AD51B400424B92 /* Build configuration list for PBXNativeTarget "DIHomework (iOS)" */;
			buildPhases = (
				790F845625AD51B400424B92 /* Sources */,
				790F845725AD51B400424B92 /* Frameworks */,
				790F845825AD51B400424B92 /* Resources */,
			);
			buildRules = (
			);
			dependencies = (
			);
			name = "DIHomework (iOS)";
			packageProductDependencies = (
				CFD340E925AE1622000FA619 /* DataLayer */,
				CFD340F825AE17E1000FA619 /* CoreLayerService */,
				CFE0A21325AE848B00F4932A /* SDWebImageSwiftUI */,
			);
			productName = "DIHomework (iOS)";
			productReference = 790F845A25AD51B400424B92 /* DIHomework.app */;
			productType = "com.apple.product-type.application";
		};
		790F846125AD51B400424B92 /* DIHomework (macOS) */ = {
			isa = PBXNativeTarget;
			buildConfigurationList = 790F847125AD51B400424B92 /* Build configuration list for PBXNativeTarget "DIHomework (macOS)" */;
			buildPhases = (
				790F845E25AD51B400424B92 /* Sources */,
				790F845F25AD51B400424B92 /* Frameworks */,
				790F846025AD51B400424B92 /* Resources */,
			);
			buildRules = (
			);
			dependencies = (
			);
			name = "DIHomework (macOS)";
			packageProductDependencies = (
				CFD340EB25AE162C000FA619 /* DataLayer */,
				CFD340F625AE17D5000FA619 /* CoreLayerService */,
				CFE0A21B25AE85D600F4932A /* SDWebImageSwiftUI */,
			);
			productName = "DIHomework (macOS)";
			productReference = 790F846225AD51B400424B92 /* DIHomework.app */;
			productType = "com.apple.product-type.application";
		};
/* End PBXNativeTarget section */

/* Begin PBXProject section */
		790F844E25AD51B400424B92 /* Project object */ = {
			isa = PBXProject;
			attributes = {
				LastSwiftUpdateCheck = 1230;
				LastUpgradeCheck = 1230;
				TargetAttributes = {
					790F845925AD51B400424B92 = {
						CreatedOnToolsVersion = 12.3;
					};
					790F846125AD51B400424B92 = {
						CreatedOnToolsVersion = 12.3;
					};
				};
			};
			buildConfigurationList = 790F845125AD51B400424B92 /* Build configuration list for PBXProject "DIHomework" */;
			compatibilityVersion = "Xcode 9.3";
			developmentRegion = en;
			hasScannedForEncodings = 0;
			knownRegions = (
				en,
				Base,
			);
			mainGroup = 790F844D25AD51B400424B92;
			packageReferences = (
				CFE0A21225AE848B00F4932A /* XCRemoteSwiftPackageReference "SDWebImageSwiftUI" */,
			);
			productRefGroup = 790F845B25AD51B400424B92 /* Products */;
			projectDirPath = "";
			projectRoot = "";
			targets = (
				790F845925AD51B400424B92 /* DIHomework (iOS) */,
				790F846125AD51B400424B92 /* DIHomework (macOS) */,
			);
		};
/* End PBXProject section */

/* Begin PBXResourcesBuildPhase section */
		790F845825AD51B400424B92 /* Resources */ = {
			isa = PBXResourcesBuildPhase;
			buildActionMask = 2147483647;
			files = (
				790F846A25AD51B400424B92 /* Assets.xcassets in Resources */,
			);
			runOnlyForDeploymentPostprocessing = 0;
		};
		790F846025AD51B400424B92 /* Resources */ = {
			isa = PBXResourcesBuildPhase;
			buildActionMask = 2147483647;
			files = (
				790F846B25AD51B400424B92 /* Assets.xcassets in Resources */,
			);
			runOnlyForDeploymentPostprocessing = 0;
		};
/* End PBXResourcesBuildPhase section */

/* Begin PBXSourcesBuildPhase section */
		790F845625AD51B400424B92 /* Sources */ = {
			isa = PBXSourcesBuildPhase;
			buildActionMask = 2147483647;
			files = (
				CFD3410625AE1D95000FA619 /* DependancyLocator.swift in Sources */,
				790F84CA25AD9E3300424B92 /* BBCharacterViewModel.swift in Sources */,
				790F848525AD52FA00424B92 /* NavStack.swift in Sources */,
				CFD3410025AE1CC6000FA619 /* ServiceProvider.swift in Sources */,
				CF656AD125ADF384007C99F4 /* EpisodeCell.swift in Sources */,
				790F846825AD51B400424B92 /* ContentView.swift in Sources */,
				790F848325AD52FA00424B92 /* Enums.swift in Sources */,
				CF656ADF25ADFA66007C99F4 /* BBEpisodesViewModel.swift in Sources */,
				790F846625AD51B400424B92 /* DIHomeworkApp.swift in Sources */,
				790F848B25AD572E00424B92 /* EpisodesView.swift in Sources */,
				790F84C525AD9E1700424B92 /* CharacterView.swift in Sources */,
			);
			runOnlyForDeploymentPostprocessing = 0;
		};
		790F845E25AD51B400424B92 /* Sources */ = {
			isa = PBXSourcesBuildPhase;
			buildActionMask = 2147483647;
			files = (
				790F84CB25AD9E3300424B92 /* BBCharacterViewModel.swift in Sources */,
				CF656AE025ADFA66007C99F4 /* BBEpisodesViewModel.swift in Sources */,
				790F848625AD52FA00424B92 /* NavStack.swift in Sources */,
				CFE0A22525AE863600F4932A /* EpisodeCell.swift in Sources */,
				CFE0A21F25AE862200F4932A /* ServiceProvider.swift in Sources */,
				790F846925AD51B400424B92 /* ContentView.swift in Sources */,
				790F848425AD52FA00424B92 /* Enums.swift in Sources */,
				790F846725AD51B400424B92 /* DIHomeworkApp.swift in Sources */,
				CFE0A22225AE862400F4932A /* DependancyLocator.swift in Sources */,
				790F848C25AD572E00424B92 /* EpisodesView.swift in Sources */,
				790F84C625AD9E1700424B92 /* CharacterView.swift in Sources */,
			);
			runOnlyForDeploymentPostprocessing = 0;
		};
/* End PBXSourcesBuildPhase section */

/* Begin XCBuildConfiguration section */
		790F846C25AD51B400424B92 /* Debug */ = {
			isa = XCBuildConfiguration;
			buildSettings = {
				ALWAYS_SEARCH_USER_PATHS = NO;
				CLANG_ANALYZER_NONNULL = YES;
				CLANG_ANALYZER_NUMBER_OBJECT_CONVERSION = YES_AGGRESSIVE;
				CLANG_CXX_LANGUAGE_STANDARD = "gnu++14";
				CLANG_CXX_LIBRARY = "libc++";
				CLANG_ENABLE_MODULES = YES;
				CLANG_ENABLE_OBJC_ARC = YES;
				CLANG_ENABLE_OBJC_WEAK = YES;
				CLANG_WARN_BLOCK_CAPTURE_AUTORELEASING = YES;
				CLANG_WARN_BOOL_CONVERSION = YES;
				CLANG_WARN_COMMA = YES;
				CLANG_WARN_CONSTANT_CONVERSION = YES;
				CLANG_WARN_DEPRECATED_OBJC_IMPLEMENTATIONS = YES;
				CLANG_WARN_DIRECT_OBJC_ISA_USAGE = YES_ERROR;
				CLANG_WARN_DOCUMENTATION_COMMENTS = YES;
				CLANG_WARN_EMPTY_BODY = YES;
				CLANG_WARN_ENUM_CONVERSION = YES;
				CLANG_WARN_INFINITE_RECURSION = YES;
				CLANG_WARN_INT_CONVERSION = YES;
				CLANG_WARN_NON_LITERAL_NULL_CONVERSION = YES;
				CLANG_WARN_OBJC_IMPLICIT_RETAIN_SELF = YES;
				CLANG_WARN_OBJC_LITERAL_CONVERSION = YES;
				CLANG_WARN_OBJC_ROOT_CLASS = YES_ERROR;
				CLANG_WARN_QUOTED_INCLUDE_IN_FRAMEWORK_HEADER = YES;
				CLANG_WARN_RANGE_LOOP_ANALYSIS = YES;
				CLANG_WARN_STRICT_PROTOTYPES = YES;
				CLANG_WARN_SUSPICIOUS_MOVE = YES;
				CLANG_WARN_UNGUARDED_AVAILABILITY = YES_AGGRESSIVE;
				CLANG_WARN_UNREACHABLE_CODE = YES;
				CLANG_WARN__DUPLICATE_METHOD_MATCH = YES;
				COPY_PHASE_STRIP = NO;
				DEBUG_INFORMATION_FORMAT = dwarf;
				ENABLE_STRICT_OBJC_MSGSEND = YES;
				ENABLE_TESTABILITY = YES;
				GCC_C_LANGUAGE_STANDARD = gnu11;
				GCC_DYNAMIC_NO_PIC = NO;
				GCC_NO_COMMON_BLOCKS = YES;
				GCC_OPTIMIZATION_LEVEL = 0;
				GCC_PREPROCESSOR_DEFINITIONS = (
					"DEBUG=1",
					"$(inherited)",
				);
				GCC_WARN_64_TO_32_BIT_CONVERSION = YES;
				GCC_WARN_ABOUT_RETURN_TYPE = YES_ERROR;
				GCC_WARN_UNDECLARED_SELECTOR = YES;
				GCC_WARN_UNINITIALIZED_AUTOS = YES_AGGRESSIVE;
				GCC_WARN_UNUSED_FUNCTION = YES;
				GCC_WARN_UNUSED_VARIABLE = YES;
				MTL_ENABLE_DEBUG_INFO = INCLUDE_SOURCE;
				MTL_FAST_MATH = YES;
				ONLY_ACTIVE_ARCH = YES;
				SWIFT_ACTIVE_COMPILATION_CONDITIONS = DEBUG;
				SWIFT_OPTIMIZATION_LEVEL = "-Onone";
			};
			name = Debug;
		};
		790F846D25AD51B400424B92 /* Release */ = {
			isa = XCBuildConfiguration;
			buildSettings = {
				ALWAYS_SEARCH_USER_PATHS = NO;
				CLANG_ANALYZER_NONNULL = YES;
				CLANG_ANALYZER_NUMBER_OBJECT_CONVERSION = YES_AGGRESSIVE;
				CLANG_CXX_LANGUAGE_STANDARD = "gnu++14";
				CLANG_CXX_LIBRARY = "libc++";
				CLANG_ENABLE_MODULES = YES;
				CLANG_ENABLE_OBJC_ARC = YES;
				CLANG_ENABLE_OBJC_WEAK = YES;
				CLANG_WARN_BLOCK_CAPTURE_AUTORELEASING = YES;
				CLANG_WARN_BOOL_CONVERSION = YES;
				CLANG_WARN_COMMA = YES;
				CLANG_WARN_CONSTANT_CONVERSION = YES;
				CLANG_WARN_DEPRECATED_OBJC_IMPLEMENTATIONS = YES;
				CLANG_WARN_DIRECT_OBJC_ISA_USAGE = YES_ERROR;
				CLANG_WARN_DOCUMENTATION_COMMENTS = YES;
				CLANG_WARN_EMPTY_BODY = YES;
				CLANG_WARN_ENUM_CONVERSION = YES;
				CLANG_WARN_INFINITE_RECURSION = YES;
				CLANG_WARN_INT_CONVERSION = YES;
				CLANG_WARN_NON_LITERAL_NULL_CONVERSION = YES;
				CLANG_WARN_OBJC_IMPLICIT_RETAIN_SELF = YES;
				CLANG_WARN_OBJC_LITERAL_CONVERSION = YES;
				CLANG_WARN_OBJC_ROOT_CLASS = YES_ERROR;
				CLANG_WARN_QUOTED_INCLUDE_IN_FRAMEWORK_HEADER = YES;
				CLANG_WARN_RANGE_LOOP_ANALYSIS = YES;
				CLANG_WARN_STRICT_PROTOTYPES = YES;
				CLANG_WARN_SUSPICIOUS_MOVE = YES;
				CLANG_WARN_UNGUARDED_AVAILABILITY = YES_AGGRESSIVE;
				CLANG_WARN_UNREACHABLE_CODE = YES;
				CLANG_WARN__DUPLICATE_METHOD_MATCH = YES;
				COPY_PHASE_STRIP = NO;
				DEBUG_INFORMATION_FORMAT = "dwarf-with-dsym";
				ENABLE_NS_ASSERTIONS = NO;
				ENABLE_STRICT_OBJC_MSGSEND = YES;
				GCC_C_LANGUAGE_STANDARD = gnu11;
				GCC_NO_COMMON_BLOCKS = YES;
				GCC_WARN_64_TO_32_BIT_CONVERSION = YES;
				GCC_WARN_ABOUT_RETURN_TYPE = YES_ERROR;
				GCC_WARN_UNDECLARED_SELECTOR = YES;
				GCC_WARN_UNINITIALIZED_AUTOS = YES_AGGRESSIVE;
				GCC_WARN_UNUSED_FUNCTION = YES;
				GCC_WARN_UNUSED_VARIABLE = YES;
				MTL_ENABLE_DEBUG_INFO = NO;
				MTL_FAST_MATH = YES;
				SWIFT_COMPILATION_MODE = wholemodule;
				SWIFT_OPTIMIZATION_LEVEL = "-O";
			};
			name = Release;
		};
		790F846F25AD51B400424B92 /* Debug */ = {
			isa = XCBuildConfiguration;
			buildSettings = {
				ASSETCATALOG_COMPILER_APPICON_NAME = AppIcon;
				ASSETCATALOG_COMPILER_GLOBAL_ACCENT_COLOR_NAME = AccentColor;
				CODE_SIGN_ENTITLEMENTS = DIHomework.entitlements;
				CODE_SIGN_STYLE = Automatic;
				DEVELOPMENT_TEAM = BPU4A2G93L;
				ENABLE_PREVIEWS = YES;
				INFOPLIST_FILE = iOS/Info.plist;
				IPHONEOS_DEPLOYMENT_TARGET = 14.0;
				LD_RUNPATH_SEARCH_PATHS = (
					"$(inherited)",
					"@executable_path/Frameworks",
				);
				PRODUCT_BUNDLE_IDENTIFIER = com.nikolai.DIHomework;
				PRODUCT_NAME = DIHomework;
				SDKROOT = iphoneos;
				SUPPORTS_MACCATALYST = NO;
				SWIFT_VERSION = 5.0;
				TARGETED_DEVICE_FAMILY = "1,2";
			};
			name = Debug;
		};
		790F847025AD51B400424B92 /* Release */ = {
			isa = XCBuildConfiguration;
			buildSettings = {
				ASSETCATALOG_COMPILER_APPICON_NAME = AppIcon;
				ASSETCATALOG_COMPILER_GLOBAL_ACCENT_COLOR_NAME = AccentColor;
				CODE_SIGN_ENTITLEMENTS = DIHomework.entitlements;
				CODE_SIGN_STYLE = Automatic;
				DEVELOPMENT_TEAM = BPU4A2G93L;
				ENABLE_PREVIEWS = YES;
				INFOPLIST_FILE = iOS/Info.plist;
				IPHONEOS_DEPLOYMENT_TARGET = 14.0;
				LD_RUNPATH_SEARCH_PATHS = (
					"$(inherited)",
					"@executable_path/Frameworks",
				);
				PRODUCT_BUNDLE_IDENTIFIER = com.nikolai.DIHomework;
				PRODUCT_NAME = DIHomework;
				SDKROOT = iphoneos;
				SUPPORTS_MACCATALYST = NO;
				SWIFT_VERSION = 5.0;
				TARGETED_DEVICE_FAMILY = "1,2";
				VALIDATE_PRODUCT = YES;
			};
			name = Release;
		};
		790F847225AD51B400424B92 /* Debug */ = {
			isa = XCBuildConfiguration;
			buildSettings = {
				ASSETCATALOG_COMPILER_APPICON_NAME = AppIcon;
				ASSETCATALOG_COMPILER_GLOBAL_ACCENT_COLOR_NAME = AccentColor;
				CODE_SIGN_ENTITLEMENTS = macOS/macOS.entitlements;
				CODE_SIGN_STYLE = Automatic;
				COMBINE_HIDPI_IMAGES = YES;
				DEVELOPMENT_TEAM = BPU4A2G93L;
				ENABLE_HARDENED_RUNTIME = YES;
				ENABLE_PREVIEWS = YES;
				INFOPLIST_FILE = macOS/Info.plist;
				LD_RUNPATH_SEARCH_PATHS = (
					"$(inherited)",
					"@executable_path/../Frameworks",
				);
				MACOSX_DEPLOYMENT_TARGET = 11.1;
				PRODUCT_BUNDLE_IDENTIFIER = com.nikolai.DIHomework;
				PRODUCT_NAME = DIHomework;
				SDKROOT = macosx;
				SWIFT_VERSION = 5.0;
			};
			name = Debug;
		};
		790F847325AD51B400424B92 /* Release */ = {
			isa = XCBuildConfiguration;
			buildSettings = {
				ASSETCATALOG_COMPILER_APPICON_NAME = AppIcon;
				ASSETCATALOG_COMPILER_GLOBAL_ACCENT_COLOR_NAME = AccentColor;
				CODE_SIGN_ENTITLEMENTS = macOS/macOS.entitlements;
				CODE_SIGN_STYLE = Automatic;
				COMBINE_HIDPI_IMAGES = YES;
				DEVELOPMENT_TEAM = BPU4A2G93L;
				ENABLE_HARDENED_RUNTIME = YES;
				ENABLE_PREVIEWS = YES;
				INFOPLIST_FILE = macOS/Info.plist;
				LD_RUNPATH_SEARCH_PATHS = (
					"$(inherited)",
					"@executable_path/../Frameworks",
				);
				MACOSX_DEPLOYMENT_TARGET = 11.1;
				PRODUCT_BUNDLE_IDENTIFIER = com.nikolai.DIHomework;
				PRODUCT_NAME = DIHomework;
				SDKROOT = macosx;
				SWIFT_VERSION = 5.0;
			};
			name = Release;
		};
/* End XCBuildConfiguration section */

/* Begin XCConfigurationList section */
		790F845125AD51B400424B92 /* Build configuration list for PBXProject "DIHomework" */ = {
			isa = XCConfigurationList;
			buildConfigurations = (
				790F846C25AD51B400424B92 /* Debug */,
				790F846D25AD51B400424B92 /* Release */,
			);
			defaultConfigurationIsVisible = 0;
			defaultConfigurationName = Release;
		};
		790F846E25AD51B400424B92 /* Build configuration list for PBXNativeTarget "DIHomework (iOS)" */ = {
			isa = XCConfigurationList;
			buildConfigurations = (
				790F846F25AD51B400424B92 /* Debug */,
				790F847025AD51B400424B92 /* Release */,
			);
			defaultConfigurationIsVisible = 0;
			defaultConfigurationName = Release;
		};
		790F847125AD51B400424B92 /* Build configuration list for PBXNativeTarget "DIHomework (macOS)" */ = {
			isa = XCConfigurationList;
			buildConfigurations = (
				790F847225AD51B400424B92 /* Debug */,
				790F847325AD51B400424B92 /* Release */,
			);
			defaultConfigurationIsVisible = 0;
			defaultConfigurationName = Release;
		};
/* End XCConfigurationList section */

/* Begin XCRemoteSwiftPackageReference section */
		CFE0A21225AE848B00F4932A /* XCRemoteSwiftPackageReference "SDWebImageSwiftUI" */ = {
			isa = XCRemoteSwiftPackageReference;
			repositoryURL = "https://github.com/SDWebImage/SDWebImageSwiftUI.git";
			requirement = {
				kind = upToNextMajorVersion;
				minimumVersion = 1.5.0;
			};
		};
/* End XCRemoteSwiftPackageReference section */

/* Begin XCSwiftPackageProductDependency section */
		CFD340E925AE1622000FA619 /* DataLayer */ = {
			isa = XCSwiftPackageProductDependency;
			productName = DataLayer;
		};
		CFD340EB25AE162C000FA619 /* DataLayer */ = {
			isa = XCSwiftPackageProductDependency;
			productName = DataLayer;
		};
		CFD340F625AE17D5000FA619 /* CoreLayerService */ = {
			isa = XCSwiftPackageProductDependency;
			productName = CoreLayerService;
		};
		CFD340F825AE17E1000FA619 /* CoreLayerService */ = {
			isa = XCSwiftPackageProductDependency;
			productName = CoreLayerService;
		};
		CFE0A21325AE848B00F4932A /* SDWebImageSwiftUI */ = {
			isa = XCSwiftPackageProductDependency;
			package = CFE0A21225AE848B00F4932A /* XCRemoteSwiftPackageReference "SDWebImageSwiftUI" */;
			productName = SDWebImageSwiftUI;
		};
		CFE0A21B25AE85D600F4932A /* SDWebImageSwiftUI */ = {
			isa = XCSwiftPackageProductDependency;
			package = CFE0A21225AE848B00F4932A /* XCRemoteSwiftPackageReference "SDWebImageSwiftUI" */;
			productName = SDWebImageSwiftUI;
		};
/* End XCSwiftPackageProductDependency section */
	};
	rootObject = 790F844E25AD51B400424B92 /* Project object */;
}
