// !$*UTF8*$!
{
	archiveVersion = 1;
	classes = {
	};
	objectVersion = 50;
	objects = {

/* Begin PBXBuildFile section */
		CFB22ECB25B9C769001C92F9 /* AppDelegate.swift in Sources */ = {isa = PBXBuildFile; fileRef = CFB22ECA25B9C769001C92F9 /* AppDelegate.swift */; };
		CFB22ECD25B9C769001C92F9 /* SceneDelegate.swift in Sources */ = {isa = PBXBuildFile; fileRef = CFB22ECC25B9C769001C92F9 /* SceneDelegate.swift */; };
		CFB22ECF25B9C769001C92F9 /* ContentView.swift in Sources */ = {isa = PBXBuildFile; fileRef = CFB22ECE25B9C769001C92F9 /* ContentView.swift */; };
		CFB22ED125B9C76D001C92F9 /* Assets.xcassets in Resources */ = {isa = PBXBuildFile; fileRef = CFB22ED025B9C76D001C92F9 /* Assets.xcassets */; };
		CFB22ED425B9C76D001C92F9 /* Preview Assets.xcassets in Resources */ = {isa = PBXBuildFile; fileRef = CFB22ED325B9C76D001C92F9 /* Preview Assets.xcassets */; };
		CFB22ED725B9C76D001C92F9 /* LaunchScreen.storyboard in Resources */ = {isa = PBXBuildFile; fileRef = CFB22ED525B9C76D001C92F9 /* LaunchScreen.storyboard */; };
/* End PBXBuildFile section */

/* Begin PBXFileReference section */
		CFB22EC725B9C769001C92F9 /* CreateMLApp.app */ = {isa = PBXFileReference; explicitFileType = wrapper.application; includeInIndex = 0; path = CreateMLApp.app; sourceTree = BUILT_PRODUCTS_DIR; };
		CFB22ECA25B9C769001C92F9 /* AppDelegate.swift */ = {isa = PBXFileReference; lastKnownFileType = sourcecode.swift; path = AppDelegate.swift; sourceTree = "<group>"; };
		CFB22ECC25B9C769001C92F9 /* SceneDelegate.swift */ = {isa = PBXFileReference; lastKnownFileType = sourcecode.swift; path = SceneDelegate.swift; sourceTree = "<group>"; };
		CFB22ECE25B9C769001C92F9 /* ContentView.swift */ = {isa = PBXFileReference; lastKnownFileType = sourcecode.swift; path = ContentView.swift; sourceTree = "<group>"; };
		CFB22ED025B9C76D001C92F9 /* Assets.xcassets */ = {isa = PBXFileReference; lastKnownFileType = folder.assetcatalog; path = Assets.xcassets; sourceTree = "<group>"; };
		CFB22ED325B9C76D001C92F9 /* Preview Assets.xcassets */ = {isa = PBXFileReference; lastKnownFileType = folder.assetcatalog; path = "Preview Assets.xcassets"; sourceTree = "<group>"; };
		CFB22ED625B9C76D001C92F9 /* Base */ = {isa = PBXFileReference; lastKnownFileType = file.storyboard; name = Base; path = Base.lproj/LaunchScreen.storyboard; sourceTree = "<group>"; };
		CFB22ED825B9C76D001C92F9 /* Info.plist */ = {isa = PBXFileReference; lastKnownFileType = text.plist.xml; path = Info.plist; sourceTree = "<group>"; };
/* End PBXFileReference section */

/* Begin PBXFrameworksBuildPhase section */
		CFB22EC425B9C769001C92F9 /* Frameworks */ = {
			isa = PBXFrameworksBuildPhase;
			buildActionMask = 2147483647;
			files = (
			);
			runOnlyForDeploymentPostprocessing = 0;
		};
/* End PBXFrameworksBuildPhase section */

/* Begin PBXGroup section */
		CFB22EBE25B9C769001C92F9 = {
			isa = PBXGroup;
			children = (
				CFB22EC925B9C769001C92F9 /* CreateMLApp */,
				CFB22EC825B9C769001C92F9 /* Products */,
			);
			sourceTree = "<group>";
		};
		CFB22EC825B9C769001C92F9 /* Products */ = {
			isa = PBXGroup;
			children = (
				CFB22EC725B9C769001C92F9 /* CreateMLApp.app */,
			);
			name = Products;
			sourceTree = "<group>";
		};
		CFB22EC925B9C769001C92F9 /* CreateMLApp */ = {
			isa = PBXGroup;
			children = (
				CFB22ECA25B9C769001C92F9 /* AppDelegate.swift */,
				CFB22ECC25B9C769001C92F9 /* SceneDelegate.swift */,
				CFB22ECE25B9C769001C92F9 /* ContentView.swift */,
				CFB22ED025B9C76D001C92F9 /* Assets.xcassets */,
				CFB22ED525B9C76D001C92F9 /* LaunchScreen.storyboard */,
				CFB22ED825B9C76D001C92F9 /* Info.plist */,
				CFB22ED225B9C76D001C92F9 /* Preview Content */,
			);
			path = CreateMLApp;
			sourceTree = "<group>";
		};
		CFB22ED225B9C76D001C92F9 /* Preview Content */ = {
			isa = PBXGroup;
			children = (
				CFB22ED325B9C76D001C92F9 /* Preview Assets.xcassets */,
			);
			path = "Preview Content";
			sourceTree = "<group>";
		};
/* End PBXGroup section */

/* Begin PBXNativeTarget section */
		CFB22EC625B9C769001C92F9 /* CreateMLApp */ = {
			isa = PBXNativeTarget;
			buildConfigurationList = CFB22EDB25B9C76D001C92F9 /* Build configuration list for PBXNativeTarget "CreateMLApp" */;
			buildPhases = (
				CFB22EC325B9C769001C92F9 /* Sources */,
				CFB22EC425B9C769001C92F9 /* Frameworks */,
				CFB22EC525B9C769001C92F9 /* Resources */,
			);
			buildRules = (
			);
			dependencies = (
			);
			name = CreateMLApp;
			productName = CreateMLApp;
			productReference = CFB22EC725B9C769001C92F9 /* CreateMLApp.app */;
			productType = "com.apple.product-type.application";
		};
/* End PBXNativeTarget section */

/* Begin PBXProject section */
		CFB22EBF25B9C769001C92F9 /* Project object */ = {
			isa = PBXProject;
			attributes = {
				LastSwiftUpdateCheck = 1230;
				LastUpgradeCheck = 1230;
				TargetAttributes = {
					CFB22EC625B9C769001C92F9 = {
						CreatedOnToolsVersion = 12.3;
					};
				};
			};
			buildConfigurationList = CFB22EC225B9C769001C92F9 /* Build configuration list for PBXProject "CreateMLApp" */;
			compatibilityVersion = "Xcode 9.3";
			developmentRegion = en;
			hasScannedForEncodings = 0;
			knownRegions = (
				en,
				Base,
			);
			mainGroup = CFB22EBE25B9C769001C92F9;
			productRefGroup = CFB22EC825B9C769001C92F9 /* Products */;
			projectDirPath = "";
			projectRoot = "";
			targets = (
				CFB22EC625B9C769001C92F9 /* CreateMLApp */,
			);
		};
/* End PBXProject section */

/* Begin PBXResourcesBuildPhase section */
		CFB22EC525B9C769001C92F9 /* Resources */ = {
			isa = PBXResourcesBuildPhase;
			buildActionMask = 2147483647;
			files = (
				CFB22ED725B9C76D001C92F9 /* LaunchScreen.storyboard in Resources */,
				CFB22ED425B9C76D001C92F9 /* Preview Assets.xcassets in Resources */,
				CFB22ED125B9C76D001C92F9 /* Assets.xcassets in Resources */,
			);
			runOnlyForDeploymentPostprocessing = 0;
		};
/* End PBXResourcesBuildPhase section */

/* Begin PBXSourcesBuildPhase section */
		CFB22EC325B9C769001C92F9 /* Sources */ = {
			isa = PBXSourcesBuildPhase;
			buildActionMask = 2147483647;
			files = (
				CFB22ECB25B9C769001C92F9 /* AppDelegate.swift in Sources */,
				CFB22ECD25B9C769001C92F9 /* SceneDelegate.swift in Sources */,
				CFB22ECF25B9C769001C92F9 /* ContentView.swift in Sources */,
			);
			runOnlyForDeploymentPostprocessing = 0;
		};
/* End PBXSourcesBuildPhase section */

/* Begin PBXVariantGroup section */
		CFB22ED525B9C76D001C92F9 /* LaunchScreen.storyboard */ = {
			isa = PBXVariantGroup;
			children = (
				CFB22ED625B9C76D001C92F9 /* Base */,
			);
			name = LaunchScreen.storyboard;
			sourceTree = "<group>";
		};
/* End PBXVariantGroup section */

/* Begin XCBuildConfiguration section */
		CFB22ED925B9C76D001C92F9 /* Debug */ = {
			isa = XCBuildConfiguration;
			buildSettings = {
				ALWAYS_SEARCH_USER_PATHS = NO;
				CLANG_ANALYZER_NONNULL = YES;
				CLANG_ANALYZER_NUMBER_OBJECT_CONVERSION = YES_AGGRESSIVE;
				CLANG_CXX_LANGUAGE_STANDARD = "gnu++14";
				CLANG_CXX_LIBRARY = "libc++";
				CLANG_ENABLE_MODULES = YES;
				CLANG_ENABLE_OBJC_ARC = YES;
				CLANG_ENABLE_OBJC_WEAK = YES;
				CLANG_WARN_BLOCK_CAPTURE_AUTORELEASING = YES;
				CLANG_WARN_BOOL_CONVERSION = YES;
				CLANG_WARN_COMMA = YES;
				CLANG_WARN_CONSTANT_CONVERSION = YES;
				CLANG_WARN_DEPRECATED_OBJC_IMPLEMENTATIONS = YES;
				CLANG_WARN_DIRECT_OBJC_ISA_USAGE = YES_ERROR;
				CLANG_WARN_DOCUMENTATION_COMMENTS = YES;
				CLANG_WARN_EMPTY_BODY = YES;
				CLANG_WARN_ENUM_CONVERSION = YES;
				CLANG_WARN_INFINITE_RECURSION = YES;
				CLANG_WARN_INT_CONVERSION = YES;
				CLANG_WARN_NON_LITERAL_NULL_CONVERSION = YES;
				CLANG_WARN_OBJC_IMPLICIT_RETAIN_SELF = YES;
				CLANG_WARN_OBJC_LITERAL_CONVERSION = YES;
				CLANG_WARN_OBJC_ROOT_CLASS = YES_ERROR;
				CLANG_WARN_QUOTED_INCLUDE_IN_FRAMEWORK_HEADER = YES;
				CLANG_WARN_RANGE_LOOP_ANALYSIS = YES;
				CLANG_WARN_STRICT_PROTOTYPES = YES;
				CLANG_WARN_SUSPICIOUS_MOVE = YES;
				CLANG_WARN_UNGUARDED_AVAILABILITY = YES_AGGRESSIVE;
				CLANG_WARN_UNREACHABLE_CODE = YES;
				CLANG_WARN__DUPLICATE_METHOD_MATCH = YES;
				COPY_PHASE_STRIP = NO;
				DEBUG_INFORMATION_FORMAT = dwarf;
				ENABLE_STRICT_OBJC_MSGSEND = YES;
				ENABLE_TESTABILITY = YES;
				GCC_C_LANGUAGE_STANDARD = gnu11;
				GCC_DYNAMIC_NO_PIC = NO;
				GCC_NO_COMMON_BLOCKS = YES;
				GCC_OPTIMIZATION_LEVEL = 0;
				GCC_PREPROCESSOR_DEFINITIONS = (
					"DEBUG=1",
					"$(inherited)",
				);
				GCC_WARN_64_TO_32_BIT_CONVERSION = YES;
				GCC_WARN_ABOUT_RETURN_TYPE = YES_ERROR;
				GCC_WARN_UNDECLARED_SELECTOR = YES;
				GCC_WARN_UNINITIALIZED_AUTOS = YES_AGGRESSIVE;
				GCC_WARN_UNUSED_FUNCTION = YES;
				GCC_WARN_UNUSED_VARIABLE = YES;
				IPHONEOS_DEPLOYMENT_TARGET = 14.3;
				MTL_ENABLE_DEBUG_INFO = INCLUDE_SOURCE;
				MTL_FAST_MATH = YES;
				ONLY_ACTIVE_ARCH = YES;
				SDKROOT = iphoneos;
				SWIFT_ACTIVE_COMPILATION_CONDITIONS = DEBUG;
				SWIFT_OPTIMIZATION_LEVEL = "-Onone";
			};
			name = Debug;
		};
		CFB22EDA25B9C76D001C92F9 /* Release */ = {
			isa = XCBuildConfiguration;
			buildSettings = {
				ALWAYS_SEARCH_USER_PATHS = NO;
				CLANG_ANALYZER_NONNULL = YES;
				CLANG_ANALYZER_NUMBER_OBJECT_CONVERSION = YES_AGGRESSIVE;
				CLANG_CXX_LANGUAGE_STANDARD = "gnu++14";
				CLANG_CXX_LIBRARY = "libc++";
				CLANG_ENABLE_MODULES = YES;
				CLANG_ENABLE_OBJC_ARC = YES;
				CLANG_ENABLE_OBJC_WEAK = YES;
				CLANG_WARN_BLOCK_CAPTURE_AUTORELEASING = YES;
				CLANG_WARN_BOOL_CONVERSION = YES;
				CLANG_WARN_COMMA = YES;
				CLANG_WARN_CONSTANT_CONVERSION = YES;
				CLANG_WARN_DEPRECATED_OBJC_IMPLEMENTATIONS = YES;
				CLANG_WARN_DIRECT_OBJC_ISA_USAGE = YES_ERROR;
				CLANG_WARN_DOCUMENTATION_COMMENTS = YES;
				CLANG_WARN_EMPTY_BODY = YES;
				CLANG_WARN_ENUM_CONVERSION = YES;
				CLANG_WARN_INFINITE_RECURSION = YES;
				CLANG_WARN_INT_CONVERSION = YES;
				CLANG_WARN_NON_LITERAL_NULL_CONVERSION = YES;
				CLANG_WARN_OBJC_IMPLICIT_RETAIN_SELF = YES;
				CLANG_WARN_OBJC_LITERAL_CONVERSION = YES;
				CLANG_WARN_OBJC_ROOT_CLASS = YES_ERROR;
				CLANG_WARN_QUOTED_INCLUDE_IN_FRAMEWORK_HEADER = YES;
				CLANG_WARN_RANGE_LOOP_ANALYSIS = YES;
				CLANG_WARN_STRICT_PROTOTYPES = YES;
				CLANG_WARN_SUSPICIOUS_MOVE = YES;
				CLANG_WARN_UNGUARDED_AVAILABILITY = YES_AGGRESSIVE;
				CLANG_WARN_UNREACHABLE_CODE = YES;
				CLANG_WARN__DUPLICATE_METHOD_MATCH = YES;
				COPY_PHASE_STRIP = NO;
				DEBUG_INFORMATION_FORMAT = "dwarf-with-dsym";
				ENABLE_NS_ASSERTIONS = NO;
				ENABLE_STRICT_OBJC_MSGSEND = YES;
				GCC_C_LANGUAGE_STANDARD = gnu11;
				GCC_NO_COMMON_BLOCKS = YES;
				GCC_WARN_64_TO_32_BIT_CONVERSION = YES;
				GCC_WARN_ABOUT_RETURN_TYPE = YES_ERROR;
				GCC_WARN_UNDECLARED_SELECTOR = YES;
				GCC_WARN_UNINITIALIZED_AUTOS = YES_AGGRESSIVE;
				GCC_WARN_UNUSED_FUNCTION = YES;
				GCC_WARN_UNUSED_VARIABLE = YES;
				IPHONEOS_DEPLOYMENT_TARGET = 14.3;
				MTL_ENABLE_DEBUG_INFO = NO;
				MTL_FAST_MATH = YES;
				SDKROOT = iphoneos;
				SWIFT_COMPILATION_MODE = wholemodule;
				SWIFT_OPTIMIZATION_LEVEL = "-O";
				VALIDATE_PRODUCT = YES;
			};
			name = Release;
		};
		CFB22EDC25B9C76D001C92F9 /* Debug */ = {
			isa = XCBuildConfiguration;
			buildSettings = {
				ASSETCATALOG_COMPILER_APPICON_NAME = AppIcon;
				ASSETCATALOG_COMPILER_GLOBAL_ACCENT_COLOR_NAME = AccentColor;
				CODE_SIGN_STYLE = Automatic;
				DEVELOPMENT_ASSET_PATHS = "\"CreateMLApp/Preview Content\"";
				DEVELOPMENT_TEAM = ZWXN4J2VCP;
				ENABLE_PREVIEWS = YES;
				INFOPLIST_FILE = CreateMLApp/Info.plist;
				LD_RUNPATH_SEARCH_PATHS = (
					"$(inherited)",
					"@executable_path/Frameworks",
				);
				PRODUCT_BUNDLE_IDENTIFIER = "Nikolai-Baklanov.CreateMLApp";
				PRODUCT_NAME = "$(TARGET_NAME)";
				SWIFT_VERSION = 5.0;
				TARGETED_DEVICE_FAMILY = "1,2";
			};
			name = Debug;
		};
		CFB22EDD25B9C76D001C92F9 /* Release */ = {
			isa = XCBuildConfiguration;
			buildSettings = {
				ASSETCATALOG_COMPILER_APPICON_NAME = AppIcon;
				ASSETCATALOG_COMPILER_GLOBAL_ACCENT_COLOR_NAME = AccentColor;
				CODE_SIGN_STYLE = Automatic;
				DEVELOPMENT_ASSET_PATHS = "\"CreateMLApp/Preview Content\"";
				DEVELOPMENT_TEAM = ZWXN4J2VCP;
				ENABLE_PREVIEWS = YES;
				INFOPLIST_FILE = CreateMLApp/Info.plist;
				LD_RUNPATH_SEARCH_PATHS = (
					"$(inherited)",
					"@executable_path/Frameworks",
				);
				PRODUCT_BUNDLE_IDENTIFIER = "Nikolai-Baklanov.CreateMLApp";
				PRODUCT_NAME = "$(TARGET_NAME)";
				SWIFT_VERSION = 5.0;
				TARGETED_DEVICE_FAMILY = "1,2";
			};
			name = Release;
		};
/* End XCBuildConfiguration section */

/* Begin XCConfigurationList section */
		CFB22EC225B9C769001C92F9 /* Build configuration list for PBXProject "CreateMLApp" */ = {
			isa = XCConfigurationList;
			buildConfigurations = (
				CFB22ED925B9C76D001C92F9 /* Debug */,
				CFB22EDA25B9C76D001C92F9 /* Release */,
			);
			defaultConfigurationIsVisible = 0;
			defaultConfigurationName = Release;
		};
		CFB22EDB25B9C76D001C92F9 /* Build configuration list for PBXNativeTarget "CreateMLApp" */ = {
			isa = XCConfigurationList;
			buildConfigurations = (
				CFB22EDC25B9C76D001C92F9 /* Debug */,
				CFB22EDD25B9C76D001C92F9 /* Release */,
			);
			defaultConfigurationIsVisible = 0;
			defaultConfigurationName = Release;
		};
/* End XCConfigurationList section */
	};
	rootObject = CFB22EBF25B9C769001C92F9 /* Project object */;
}
